
Microsoft Visual Studio Solution File, Format Version 11.00
# Visual Studio 2010
Project("{FAE04EC0-301F-11D3-BF4B-00C04F79EFBC}") = "TDVServer", "TDVServer.csproj", "{6FA16DE4-28D8-400F-B036-7BAA2E21119B}"
EndProject
Global
	GlobalSection(SolutionConfigurationPlatforms) = preSolution
		Debug|Any CPU = Debug|Any CPU
		Release|Any CPU = Release|Any CPU
	EndGlobalSection
	GlobalSection(ProjectConfigurationPlatforms) = postSolution
		{6FA16DE4-28D8-400F-B036-7BAA2E21119B}.Debug|Any CPU.ActiveCfg = Debug|Any CPU
		{6FA16DE4-28D8-400F-B036-7BAA2E21119B}.Debug|Any CPU.Build.0 = Debug|Any CPU
		{6FA16DE4-28D8-400F-B036-7BAA2E21119B}.Release|Any CPU.ActiveCfg = Release|Any CPU
		{6FA16DE4-28D8-400F-B036-7BAA2E21119B}.Release|Any CPU.Build.0 = Release|Any CPU
	EndGlobalSection
	GlobalSection(SolutionProperties) = preSolution
		HideSolutionNode = FALSE
	EndGlobalSection
EndGlobal
