
Microsoft Visual Studio Solution File, Format Version 12.00
# Visual Studio Express 2013 for Windows Desktop
VisualStudioVersion = 12.0.31101.0
MinimumVisualStudioVersion = 10.0.40219.1
Project("{FAE04EC0-301F-11D3-BF4B-00C04F79EFBC}") = "BPCSharedComponent", "..\shared\BPCSharedComponent\BPCSharedComponent.csproj", "{B3492505-8541-45CA-86B3-C84D759CA7D6}"
EndProject
Project("{FAE04EC0-301F-11D3-BF4B-00C04F79EFBC}") = "TDV_local", "TDV_local.csproj", "{513178C6-E1E2-4AD9-A37E-8BAF9B2ACC50}"
EndProject
Global
	GlobalSection(SolutionConfigurationPlatforms) = preSolution
		Debug|Any CPU = Debug|Any CPU
		Debug|x64 = Debug|x64
		Debug|x86 = Debug|x86
		Release|Any CPU = Release|Any CPU
		Release|x64 = Release|x64
		Release|x86 = Release|x86
		ReleaseX64|Any CPU = ReleaseX64|Any CPU
		ReleaseX64|x64 = ReleaseX64|x64
		ReleaseX64|x86 = ReleaseX64|x86
	EndGlobalSection
	GlobalSection(ProjectConfigurationPlatforms) = postSolution
		{B3492505-8541-45CA-86B3-C84D759CA7D6}.Debug|Any CPU.ActiveCfg = Debug|Any CPU
		{B3492505-8541-45CA-86B3-C84D759CA7D6}.Debug|Any CPU.Build.0 = Debug|Any CPU
		{B3492505-8541-45CA-86B3-C84D759CA7D6}.Debug|x64.ActiveCfg = Debug|x64
		{B3492505-8541-45CA-86B3-C84D759CA7D6}.Debug|x64.Build.0 = Debug|x64
		{B3492505-8541-45CA-86B3-C84D759CA7D6}.Debug|x86.ActiveCfg = Debug|x86
		{B3492505-8541-45CA-86B3-C84D759CA7D6}.Debug|x86.Build.0 = Debug|x86
		{B3492505-8541-45CA-86B3-C84D759CA7D6}.Release|Any CPU.ActiveCfg = Release|Any CPU
		{B3492505-8541-45CA-86B3-C84D759CA7D6}.Release|Any CPU.Build.0 = Release|Any CPU
		{B3492505-8541-45CA-86B3-C84D759CA7D6}.Release|x64.ActiveCfg = Release|x64
		{B3492505-8541-45CA-86B3-C84D759CA7D6}.Release|x64.Build.0 = Release|x64
		{B3492505-8541-45CA-86B3-C84D759CA7D6}.Release|x86.ActiveCfg = Release|x86
		{B3492505-8541-45CA-86B3-C84D759CA7D6}.Release|x86.Build.0 = Release|x86
		{B3492505-8541-45CA-86B3-C84D759CA7D6}.ReleaseX64|Any CPU.ActiveCfg = ReleaseX64|Any CPU
		{B3492505-8541-45CA-86B3-C84D759CA7D6}.ReleaseX64|Any CPU.Build.0 = ReleaseX64|Any CPU
		{B3492505-8541-45CA-86B3-C84D759CA7D6}.ReleaseX64|x64.ActiveCfg = ReleaseX64|x64
		{B3492505-8541-45CA-86B3-C84D759CA7D6}.ReleaseX64|x64.Build.0 = ReleaseX64|x64
		{B3492505-8541-45CA-86B3-C84D759CA7D6}.ReleaseX64|x86.ActiveCfg = ReleaseX64|x86
		{B3492505-8541-45CA-86B3-C84D759CA7D6}.ReleaseX64|x86.Build.0 = ReleaseX64|x86
		{513178C6-E1E2-4AD9-A37E-8BAF9B2ACC50}.Debug|Any CPU.ActiveCfg = Debug|Any CPU
		{513178C6-E1E2-4AD9-A37E-8BAF9B2ACC50}.Debug|Any CPU.Build.0 = Debug|Any CPU
		{513178C6-E1E2-4AD9-A37E-8BAF9B2ACC50}.Debug|x64.ActiveCfg = Debug|x64
		{513178C6-E1E2-4AD9-A37E-8BAF9B2ACC50}.Debug|x64.Build.0 = Debug|x64
		{513178C6-E1E2-4AD9-A37E-8BAF9B2ACC50}.Debug|x86.ActiveCfg = Debug|x86
		{513178C6-E1E2-4AD9-A37E-8BAF9B2ACC50}.Debug|x86.Build.0 = Debug|x86
		{513178C6-E1E2-4AD9-A37E-8BAF9B2ACC50}.Release|Any CPU.ActiveCfg = Release|Any CPU
		{513178C6-E1E2-4AD9-A37E-8BAF9B2ACC50}.Release|Any CPU.Build.0 = Release|Any CPU
		{513178C6-E1E2-4AD9-A37E-8BAF9B2ACC50}.Release|x64.ActiveCfg = Release|x64
		{513178C6-E1E2-4AD9-A37E-8BAF9B2ACC50}.Release|x64.Build.0 = Release|x64
		{513178C6-E1E2-4AD9-A37E-8BAF9B2ACC50}.Release|x86.ActiveCfg = Release|x86
		{513178C6-E1E2-4AD9-A37E-8BAF9B2ACC50}.Release|x86.Build.0 = Release|x86
		{513178C6-E1E2-4AD9-A37E-8BAF9B2ACC50}.ReleaseX64|Any CPU.ActiveCfg = ReleaseX64|Any CPU
		{513178C6-E1E2-4AD9-A37E-8BAF9B2ACC50}.ReleaseX64|Any CPU.Build.0 = ReleaseX64|Any CPU
		{513178C6-E1E2-4AD9-A37E-8BAF9B2ACC50}.ReleaseX64|x64.ActiveCfg = ReleaseX64|x64
		{513178C6-E1E2-4AD9-A37E-8BAF9B2ACC50}.ReleaseX64|x64.Build.0 = ReleaseX64|x64
		{513178C6-E1E2-4AD9-A37E-8BAF9B2ACC50}.ReleaseX64|x86.ActiveCfg = ReleaseX64|x86
		{513178C6-E1E2-4AD9-A37E-8BAF9B2ACC50}.ReleaseX64|x86.Build.0 = ReleaseX64|x86
	EndGlobalSection
	GlobalSection(SolutionProperties) = preSolution
		HideSolutionNode = FALSE
	EndGlobalSection
EndGlobal
