
Microsoft Visual Studio Solution File, Format Version 12.00
# Visual Studio 2012
Project("{FAE04EC0-301F-11D3-BF4B-00C04F79EFBC}") = "TDV64", "TDV64.csproj", "{513178C6-E1E2-4AD9-A37E-8BAF9B2ACC50}"
	ProjectSection(ProjectDependencies) = postProject
		{B3492505-8541-45CA-86B3-C84D759CA7D6} = {B3492505-8541-45CA-86B3-C84D759CA7D6}
	EndProjectSection
EndProject
Project("{FAE04EC0-301F-11D3-BF4B-00C04F79EFBC}") = "BPCSharedComponent64", "..\shared\BPCSharedComponent\BPCSharedComponent64.csproj", "{B3492505-8541-45CA-86B3-C84D759CA7D6}"
EndProject
Project("{FAE04EC0-301F-11D3-BF4B-00C04F79EFBC}") = "RegistrationGUI", "..\..\Visual Studio 2008\Projects\RegistrationGUI\RegistrationGUI.csproj", "{4827E0E8-3E23-4671-BAE4-098C3FD7992C}"
EndProject
Project("{FAE04EC0-301F-11D3-BF4B-00C04F79EFBC}") = "TDVServer", "TDVServer\TDVServer.csproj", "{6FA16DE4-28D8-400F-B036-7BAA2E21119B}"
EndProject
Global
	GlobalSection(SolutionConfigurationPlatforms) = preSolution
		Debug|Any CPU = Debug|Any CPU
		Debug|x64 = Debug|x64
		Debug|x86 = Debug|x86
		Release|Any CPU = Release|Any CPU
		Release|x64 = Release|x64
		Release|x86 = Release|x86
		ReleaseX64|Any CPU = ReleaseX64|Any CPU
		ReleaseX64|x64 = ReleaseX64|x64
		ReleaseX64|x86 = ReleaseX64|x86
	EndGlobalSection
	GlobalSection(ProjectConfigurationPlatforms) = postSolution
		{513178C6-E1E2-4AD9-A37E-8BAF9B2ACC50}.Debug|Any CPU.ActiveCfg = Debug|Any CPU
		{513178C6-E1E2-4AD9-A37E-8BAF9B2ACC50}.Debug|Any CPU.Build.0 = Debug|Any CPU
		{513178C6-E1E2-4AD9-A37E-8BAF9B2ACC50}.Debug|x64.ActiveCfg = Debug|x64
		{513178C6-E1E2-4AD9-A37E-8BAF9B2ACC50}.Debug|x64.Build.0 = Debug|x64
		{513178C6-E1E2-4AD9-A37E-8BAF9B2ACC50}.Debug|x86.ActiveCfg = Debug|x86
		{513178C6-E1E2-4AD9-A37E-8BAF9B2ACC50}.Debug|x86.Build.0 = Debug|x86
		{513178C6-E1E2-4AD9-A37E-8BAF9B2ACC50}.Release|Any CPU.ActiveCfg = Release|Any CPU
		{513178C6-E1E2-4AD9-A37E-8BAF9B2ACC50}.Release|Any CPU.Build.0 = Release|Any CPU
		{513178C6-E1E2-4AD9-A37E-8BAF9B2ACC50}.Release|x64.ActiveCfg = Release|x64
		{513178C6-E1E2-4AD9-A37E-8BAF9B2ACC50}.Release|x64.Build.0 = Release|x64
		{513178C6-E1E2-4AD9-A37E-8BAF9B2ACC50}.Release|x86.ActiveCfg = Release|x86
		{513178C6-E1E2-4AD9-A37E-8BAF9B2ACC50}.Release|x86.Build.0 = Release|x86
		{513178C6-E1E2-4AD9-A37E-8BAF9B2ACC50}.ReleaseX64|Any CPU.ActiveCfg = ReleaseX64|Any CPU
		{513178C6-E1E2-4AD9-A37E-8BAF9B2ACC50}.ReleaseX64|Any CPU.Build.0 = ReleaseX64|Any CPU
		{513178C6-E1E2-4AD9-A37E-8BAF9B2ACC50}.ReleaseX64|x64.ActiveCfg = ReleaseX64|x64
		{513178C6-E1E2-4AD9-A37E-8BAF9B2ACC50}.ReleaseX64|x64.Build.0 = ReleaseX64|x64
		{513178C6-E1E2-4AD9-A37E-8BAF9B2ACC50}.ReleaseX64|x86.ActiveCfg = ReleaseX64|x86
		{513178C6-E1E2-4AD9-A37E-8BAF9B2ACC50}.ReleaseX64|x86.Build.0 = ReleaseX64|x86
		{B3492505-8541-45CA-86B3-C84D759CA7D6}.Debug|Any CPU.ActiveCfg = Debug|Any CPU
		{B3492505-8541-45CA-86B3-C84D759CA7D6}.Debug|Any CPU.Build.0 = Debug|Any CPU
		{B3492505-8541-45CA-86B3-C84D759CA7D6}.Debug|x64.ActiveCfg = Debug|x64
		{B3492505-8541-45CA-86B3-C84D759CA7D6}.Debug|x64.Build.0 = Debug|x64
		{B3492505-8541-45CA-86B3-C84D759CA7D6}.Debug|x86.ActiveCfg = Debug|x64
		{B3492505-8541-45CA-86B3-C84D759CA7D6}.Release|Any CPU.ActiveCfg = Release|Any CPU
		{B3492505-8541-45CA-86B3-C84D759CA7D6}.Release|Any CPU.Build.0 = Release|Any CPU
		{B3492505-8541-45CA-86B3-C84D759CA7D6}.Release|x64.ActiveCfg = Release|x64
		{B3492505-8541-45CA-86B3-C84D759CA7D6}.Release|x64.Build.0 = Release|x64
		{B3492505-8541-45CA-86B3-C84D759CA7D6}.Release|x86.ActiveCfg = Release|x64
		{B3492505-8541-45CA-86B3-C84D759CA7D6}.ReleaseX64|Any CPU.ActiveCfg = ReleaseX64|Any CPU
		{B3492505-8541-45CA-86B3-C84D759CA7D6}.ReleaseX64|Any CPU.Build.0 = ReleaseX64|Any CPU
		{B3492505-8541-45CA-86B3-C84D759CA7D6}.ReleaseX64|x64.ActiveCfg = ReleaseX64|x64
		{B3492505-8541-45CA-86B3-C84D759CA7D6}.ReleaseX64|x64.Build.0 = ReleaseX64|x64
		{B3492505-8541-45CA-86B3-C84D759CA7D6}.ReleaseX64|x86.ActiveCfg = ReleaseX64|x64
		{4827E0E8-3E23-4671-BAE4-098C3FD7992C}.Debug|Any CPU.ActiveCfg = Debug|Any CPU
		{4827E0E8-3E23-4671-BAE4-098C3FD7992C}.Debug|Any CPU.Build.0 = Debug|Any CPU
		{4827E0E8-3E23-4671-BAE4-098C3FD7992C}.Debug|x64.ActiveCfg = Debug|Any CPU
		{4827E0E8-3E23-4671-BAE4-098C3FD7992C}.Debug|x86.ActiveCfg = Debug|Any CPU
		{4827E0E8-3E23-4671-BAE4-098C3FD7992C}.Release|Any CPU.ActiveCfg = Release|Any CPU
		{4827E0E8-3E23-4671-BAE4-098C3FD7992C}.Release|Any CPU.Build.0 = Release|Any CPU
		{4827E0E8-3E23-4671-BAE4-098C3FD7992C}.Release|x64.ActiveCfg = Release|Any CPU
		{4827E0E8-3E23-4671-BAE4-098C3FD7992C}.Release|x86.ActiveCfg = Release|Any CPU
		{4827E0E8-3E23-4671-BAE4-098C3FD7992C}.ReleaseX64|Any CPU.ActiveCfg = Release|Any CPU
		{4827E0E8-3E23-4671-BAE4-098C3FD7992C}.ReleaseX64|Any CPU.Build.0 = Release|Any CPU
		{4827E0E8-3E23-4671-BAE4-098C3FD7992C}.ReleaseX64|x64.ActiveCfg = Release|Any CPU
		{4827E0E8-3E23-4671-BAE4-098C3FD7992C}.ReleaseX64|x86.ActiveCfg = Release|Any CPU
		{6FA16DE4-28D8-400F-B036-7BAA2E21119B}.Debug|Any CPU.ActiveCfg = Debug|Any CPU
		{6FA16DE4-28D8-400F-B036-7BAA2E21119B}.Debug|Any CPU.Build.0 = Debug|Any CPU
		{6FA16DE4-28D8-400F-B036-7BAA2E21119B}.Debug|x64.ActiveCfg = Debug|Any CPU
		{6FA16DE4-28D8-400F-B036-7BAA2E21119B}.Debug|x86.ActiveCfg = Debug|Any CPU
		{6FA16DE4-28D8-400F-B036-7BAA2E21119B}.Release|Any CPU.ActiveCfg = Release|Any CPU
		{6FA16DE4-28D8-400F-B036-7BAA2E21119B}.Release|Any CPU.Build.0 = Release|Any CPU
		{6FA16DE4-28D8-400F-B036-7BAA2E21119B}.Release|x64.ActiveCfg = Release|Any CPU
		{6FA16DE4-28D8-400F-B036-7BAA2E21119B}.Release|x86.ActiveCfg = Release|Any CPU
		{6FA16DE4-28D8-400F-B036-7BAA2E21119B}.ReleaseX64|Any CPU.ActiveCfg = Release|Any CPU
		{6FA16DE4-28D8-400F-B036-7BAA2E21119B}.ReleaseX64|Any CPU.Build.0 = Release|Any CPU
		{6FA16DE4-28D8-400F-B036-7BAA2E21119B}.ReleaseX64|x64.ActiveCfg = Release|Any CPU
		{6FA16DE4-28D8-400F-B036-7BAA2E21119B}.ReleaseX64|x86.ActiveCfg = Release|Any CPU
	EndGlobalSection
	GlobalSection(SolutionProperties) = preSolution
		HideSolutionNode = FALSE
	EndGlobalSection
EndGlobal
