Microsoft Visual Studio Solution File, Format Version 9.00
# Visual Studio 2005
Project("{FAE04EC0-301F-11D3-BF4B-00C04F79EFBC}") = "TgPlayOgg", "TgPlayOgg\TgPlayOgg.csproj", "{C3C77527-5274-4244-9E2C-F37C521BEF06}"
	ProjectSection(ProjectDependencies) = postProject
		{4A2ABB6B-390B-40C1-B515-EFC8F6ED8FA3} = {4A2ABB6B-390B-40C1-B515-EFC8F6ED8FA3}
	EndProjectSection
EndProject
Project("{8BC9CEB8-8B4A-11D0-8D11-00A0C91BC942}") = "TgPlayOgg_vorbisfile", "TgPlayOgg_vorbisfile\TgPlayOgg_vorbisfile.vcproj", "{4A2ABB6B-390B-40C1-B515-EFC8F6ED8FA3}"
EndProject
Project("{FAE04EC0-301F-11D3-BF4B-00C04F79EFBC}") = "OggPlayer", "TgPlayOgg\Test App\OggPlayer.csproj", "{9FDCA077-B636-4C21-ACC9-6079253D00CD}"
	ProjectSection(ProjectDependencies) = postProject
		{C3C77527-5274-4244-9E2C-F37C521BEF06} = {C3C77527-5274-4244-9E2C-F37C521BEF06}
	EndProjectSection
EndProject
Global
	GlobalSection(SolutionConfigurationPlatforms) = preSolution
		Debug|Any CPU = Debug|Any CPU
		Debug|Mixed Platforms = Debug|Mixed Platforms
		Debug|Win32 = Debug|Win32
		Release|Any CPU = Release|Any CPU
		Release|Mixed Platforms = Release|Mixed Platforms
		Release|Win32 = Release|Win32
	EndGlobalSection
	GlobalSection(ProjectConfigurationPlatforms) = postSolution
		{C3C77527-5274-4244-9E2C-F37C521BEF06}.Debug|Any CPU.ActiveCfg = Debug|Any CPU
		{C3C77527-5274-4244-9E2C-F37C521BEF06}.Debug|Any CPU.Build.0 = Debug|Any CPU
		{C3C77527-5274-4244-9E2C-F37C521BEF06}.Debug|Mixed Platforms.ActiveCfg = Debug|Any CPU
		{C3C77527-5274-4244-9E2C-F37C521BEF06}.Debug|Mixed Platforms.Build.0 = Debug|Any CPU
		{C3C77527-5274-4244-9E2C-F37C521BEF06}.Debug|Win32.ActiveCfg = Debug|Any CPU
		{C3C77527-5274-4244-9E2C-F37C521BEF06}.Release|Any CPU.ActiveCfg = Release|Any CPU
		{C3C77527-5274-4244-9E2C-F37C521BEF06}.Release|Any CPU.Build.0 = Release|Any CPU
		{C3C77527-5274-4244-9E2C-F37C521BEF06}.Release|Mixed Platforms.ActiveCfg = Release|Any CPU
		{C3C77527-5274-4244-9E2C-F37C521BEF06}.Release|Mixed Platforms.Build.0 = Release|Any CPU
		{C3C77527-5274-4244-9E2C-F37C521BEF06}.Release|Win32.ActiveCfg = Release|Any CPU
		{4A2ABB6B-390B-40C1-B515-EFC8F6ED8FA3}.Debug|Any CPU.ActiveCfg = Debug|Win32
		{4A2ABB6B-390B-40C1-B515-EFC8F6ED8FA3}.Debug|Mixed Platforms.ActiveCfg = Debug|Win32
		{4A2ABB6B-390B-40C1-B515-EFC8F6ED8FA3}.Debug|Mixed Platforms.Build.0 = Debug|Win32
		{4A2ABB6B-390B-40C1-B515-EFC8F6ED8FA3}.Debug|Win32.ActiveCfg = Debug|Win32
		{4A2ABB6B-390B-40C1-B515-EFC8F6ED8FA3}.Debug|Win32.Build.0 = Debug|Win32
		{4A2ABB6B-390B-40C1-B515-EFC8F6ED8FA3}.Release|Any CPU.ActiveCfg = Release|Win32
		{4A2ABB6B-390B-40C1-B515-EFC8F6ED8FA3}.Release|Mixed Platforms.ActiveCfg = Release|Win32
		{4A2ABB6B-390B-40C1-B515-EFC8F6ED8FA3}.Release|Mixed Platforms.Build.0 = Release|Win32
		{4A2ABB6B-390B-40C1-B515-EFC8F6ED8FA3}.Release|Win32.ActiveCfg = Release|Win32
		{4A2ABB6B-390B-40C1-B515-EFC8F6ED8FA3}.Release|Win32.Build.0 = Release|Win32
		{9FDCA077-B636-4C21-ACC9-6079253D00CD}.Debug|Any CPU.ActiveCfg = Debug|Any CPU
		{9FDCA077-B636-4C21-ACC9-6079253D00CD}.Debug|Any CPU.Build.0 = Debug|Any CPU
		{9FDCA077-B636-4C21-ACC9-6079253D00CD}.Debug|Mixed Platforms.ActiveCfg = Debug|Any CPU
		{9FDCA077-B636-4C21-ACC9-6079253D00CD}.Debug|Mixed Platforms.Build.0 = Debug|Any CPU
		{9FDCA077-B636-4C21-ACC9-6079253D00CD}.Debug|Win32.ActiveCfg = Debug|Any CPU
		{9FDCA077-B636-4C21-ACC9-6079253D00CD}.Release|Any CPU.ActiveCfg = Release|Any CPU
		{9FDCA077-B636-4C21-ACC9-6079253D00CD}.Release|Any CPU.Build.0 = Release|Any CPU
		{9FDCA077-B636-4C21-ACC9-6079253D00CD}.Release|Mixed Platforms.ActiveCfg = Release|Any CPU
		{9FDCA077-B636-4C21-ACC9-6079253D00CD}.Release|Mixed Platforms.Build.0 = Release|Any CPU
		{9FDCA077-B636-4C21-ACC9-6079253D00CD}.Release|Win32.ActiveCfg = Release|Any CPU
	EndGlobalSection
	GlobalSection(SolutionProperties) = preSolution
		HideSolutionNode = FALSE
	EndGlobalSection
EndGlobal
